
Microsoft Visual Studio Solution File, Format Version 12.00
# Visual Studio Version 17
VisualStudioVersion = 17.3.32819.101
MinimumVisualStudioVersion = 10.0.40219.1
Project("{8BC9CEB8-8B4A-11D0-8D11-00A0C91BC942}") = "WinsockImpl", "WinsockImpl\WinsockImpl.vcxproj", "{D3E1E082-6A5B-4470-8B55-52DB1D14B56F}"
EndProject
Project("{8BC9CEB8-8B4A-11D0-8D11-00A0C91BC942}") = "SingleClientTCPServer", "SingleClientTCPServer\SingleClientTCPServer.vcxproj", "{CDBAE493-92D3-426D-8FBF-F04B0BFF9D1C}"
EndProject
Project("{8BC9CEB8-8B4A-11D0-8D11-00A0C91BC942}") = "SingleClientTCPClient", "SingleClientTCPClient\SingleClientTCPClient.vcxproj", "{71653BC2-5EC9-4ED8-8B00-20D1B2FE7E55}"
EndProject
Project("{8BC9CEB8-8B4A-11D0-8D11-00A0C91BC942}") = "MultiClientTCPServer", "MultiClientTCPServer\MultiClientTCPServer.vcxproj", "{8C62EA5A-37E6-4FF5-BC30-B07916847B9F}"
EndProject
Project("{8BC9CEB8-8B4A-11D0-8D11-00A0C91BC942}") = "MultiClientTCPClient", "MultiClientTCPClient\MultiClientTCPClient.vcxproj", "{D04B21D7-DD46-4E92-A60D-FCB9EB2F65EA}"
EndProject
Project("{8BC9CEB8-8B4A-11D0-8D11-00A0C91BC942}") = "UDPSocketServer", "UDPSocketServer\UDPSocketServer.vcxproj", "{C6E16481-6893-4776-867C-8DB9D55CD709}"
EndProject
Project("{8BC9CEB8-8B4A-11D0-8D11-00A0C91BC942}") = "UDPSocketClient", "UDPSocketClient\UDPSocketClient.vcxproj", "{A86F1059-7DF5-4760-85B9-B8551046A118}"
EndProject
Global
	GlobalSection(SolutionConfigurationPlatforms) = preSolution
		Debug|x64 = Debug|x64
		Debug|x86 = Debug|x86
		Release|x64 = Release|x64
		Release|x86 = Release|x86
	EndGlobalSection
	GlobalSection(ProjectConfigurationPlatforms) = postSolution
		{D3E1E082-6A5B-4470-8B55-52DB1D14B56F}.Debug|x64.ActiveCfg = Debug|x64
		{D3E1E082-6A5B-4470-8B55-52DB1D14B56F}.Debug|x64.Build.0 = Debug|x64
		{D3E1E082-6A5B-4470-8B55-52DB1D14B56F}.Debug|x86.ActiveCfg = Debug|Win32
		{D3E1E082-6A5B-4470-8B55-52DB1D14B56F}.Debug|x86.Build.0 = Debug|Win32
		{D3E1E082-6A5B-4470-8B55-52DB1D14B56F}.Release|x64.ActiveCfg = Release|x64
		{D3E1E082-6A5B-4470-8B55-52DB1D14B56F}.Release|x64.Build.0 = Release|x64
		{D3E1E082-6A5B-4470-8B55-52DB1D14B56F}.Release|x86.ActiveCfg = Release|Win32
		{D3E1E082-6A5B-4470-8B55-52DB1D14B56F}.Release|x86.Build.0 = Release|Win32
		{CDBAE493-92D3-426D-8FBF-F04B0BFF9D1C}.Debug|x64.ActiveCfg = Debug|x64
		{CDBAE493-92D3-426D-8FBF-F04B0BFF9D1C}.Debug|x64.Build.0 = Debug|x64
		{CDBAE493-92D3-426D-8FBF-F04B0BFF9D1C}.Debug|x86.ActiveCfg = Debug|Win32
		{CDBAE493-92D3-426D-8FBF-F04B0BFF9D1C}.Debug|x86.Build.0 = Debug|Win32
		{CDBAE493-92D3-426D-8FBF-F04B0BFF9D1C}.Release|x64.ActiveCfg = Release|x64
		{CDBAE493-92D3-426D-8FBF-F04B0BFF9D1C}.Release|x64.Build.0 = Release|x64
		{CDBAE493-92D3-426D-8FBF-F04B0BFF9D1C}.Release|x86.ActiveCfg = Release|Win32
		{CDBAE493-92D3-426D-8FBF-F04B0BFF9D1C}.Release|x86.Build.0 = Release|Win32
		{71653BC2-5EC9-4ED8-8B00-20D1B2FE7E55}.Debug|x64.ActiveCfg = Debug|x64
		{71653BC2-5EC9-4ED8-8B00-20D1B2FE7E55}.Debug|x64.Build.0 = Debug|x64
		{71653BC2-5EC9-4ED8-8B00-20D1B2FE7E55}.Debug|x86.ActiveCfg = Debug|Win32
		{71653BC2-5EC9-4ED8-8B00-20D1B2FE7E55}.Debug|x86.Build.0 = Debug|Win32
		{71653BC2-5EC9-4ED8-8B00-20D1B2FE7E55}.Release|x64.ActiveCfg = Release|x64
		{71653BC2-5EC9-4ED8-8B00-20D1B2FE7E55}.Release|x64.Build.0 = Release|x64
		{71653BC2-5EC9-4ED8-8B00-20D1B2FE7E55}.Release|x86.ActiveCfg = Release|Win32
		{71653BC2-5EC9-4ED8-8B00-20D1B2FE7E55}.Release|x86.Build.0 = Release|Win32
		{8C62EA5A-37E6-4FF5-BC30-B07916847B9F}.Debug|x64.ActiveCfg = Debug|x64
		{8C62EA5A-37E6-4FF5-BC30-B07916847B9F}.Debug|x64.Build.0 = Debug|x64
		{8C62EA5A-37E6-4FF5-BC30-B07916847B9F}.Debug|x86.ActiveCfg = Debug|Win32
		{8C62EA5A-37E6-4FF5-BC30-B07916847B9F}.Debug|x86.Build.0 = Debug|Win32
		{8C62EA5A-37E6-4FF5-BC30-B07916847B9F}.Release|x64.ActiveCfg = Release|x64
		{8C62EA5A-37E6-4FF5-BC30-B07916847B9F}.Release|x64.Build.0 = Release|x64
		{8C62EA5A-37E6-4FF5-BC30-B07916847B9F}.Release|x86.ActiveCfg = Release|Win32
		{8C62EA5A-37E6-4FF5-BC30-B07916847B9F}.Release|x86.Build.0 = Release|Win32
		{D04B21D7-DD46-4E92-A60D-FCB9EB2F65EA}.Debug|x64.ActiveCfg = Debug|x64
		{D04B21D7-DD46-4E92-A60D-FCB9EB2F65EA}.Debug|x64.Build.0 = Debug|x64
		{D04B21D7-DD46-4E92-A60D-FCB9EB2F65EA}.Debug|x86.ActiveCfg = Debug|Win32
		{D04B21D7-DD46-4E92-A60D-FCB9EB2F65EA}.Debug|x86.Build.0 = Debug|Win32
		{D04B21D7-DD46-4E92-A60D-FCB9EB2F65EA}.Release|x64.ActiveCfg = Release|x64
		{D04B21D7-DD46-4E92-A60D-FCB9EB2F65EA}.Release|x64.Build.0 = Release|x64
		{D04B21D7-DD46-4E92-A60D-FCB9EB2F65EA}.Release|x86.ActiveCfg = Release|Win32
		{D04B21D7-DD46-4E92-A60D-FCB9EB2F65EA}.Release|x86.Build.0 = Release|Win32
		{C6E16481-6893-4776-867C-8DB9D55CD709}.Debug|x64.ActiveCfg = Debug|x64
		{C6E16481-6893-4776-867C-8DB9D55CD709}.Debug|x64.Build.0 = Debug|x64
		{C6E16481-6893-4776-867C-8DB9D55CD709}.Debug|x86.ActiveCfg = Debug|Win32
		{C6E16481-6893-4776-867C-8DB9D55CD709}.Debug|x86.Build.0 = Debug|Win32
		{C6E16481-6893-4776-867C-8DB9D55CD709}.Release|x64.ActiveCfg = Release|x64
		{C6E16481-6893-4776-867C-8DB9D55CD709}.Release|x64.Build.0 = Release|x64
		{C6E16481-6893-4776-867C-8DB9D55CD709}.Release|x86.ActiveCfg = Release|Win32
		{C6E16481-6893-4776-867C-8DB9D55CD709}.Release|x86.Build.0 = Release|Win32
		{A86F1059-7DF5-4760-85B9-B8551046A118}.Debug|x64.ActiveCfg = Debug|x64
		{A86F1059-7DF5-4760-85B9-B8551046A118}.Debug|x64.Build.0 = Debug|x64
		{A86F1059-7DF5-4760-85B9-B8551046A118}.Debug|x86.ActiveCfg = Debug|Win32
		{A86F1059-7DF5-4760-85B9-B8551046A118}.Debug|x86.Build.0 = Debug|Win32
		{A86F1059-7DF5-4760-85B9-B8551046A118}.Release|x64.ActiveCfg = Release|x64
		{A86F1059-7DF5-4760-85B9-B8551046A118}.Release|x64.Build.0 = Release|x64
		{A86F1059-7DF5-4760-85B9-B8551046A118}.Release|x86.ActiveCfg = Release|Win32
		{A86F1059-7DF5-4760-85B9-B8551046A118}.Release|x86.Build.0 = Release|Win32
	EndGlobalSection
	GlobalSection(SolutionProperties) = preSolution
		HideSolutionNode = FALSE
	EndGlobalSection
	GlobalSection(ExtensibilityGlobals) = postSolution
		SolutionGuid = {9882C5B5-11E5-4BB4-9EF8-4A2111D8561B}
	EndGlobalSection
EndGlobal
